
Microsoft Visual Studio Solution File, Format Version 12.00
# Visual Studio 15
VisualStudioVersion = 15.0.28010.2003
MinimumVisualStudioVersion = 10.0.40219.1
Project("{FAE04EC0-301F-11D3-BF4B-00C04F79EFBC}") = "program1", "program1\program1.csproj", "{756725C3-B32A-4403-841F-AE450181F9DF}"
EndProject
Project("{FAE04EC0-301F-11D3-BF4B-00C04F79EFBC}") = "program1Tests", "program1Tests\program1Tests.csproj", "{06AF2DA4-358A-4D1C-AC25-3CEF55F72CE3}"
EndProject
Global
	GlobalSection(SolutionConfigurationPlatforms) = preSolution
		Debug|Any CPU = Debug|Any CPU
		Release|Any CPU = Release|Any CPU
	EndGlobalSection
	GlobalSection(ProjectConfigurationPlatforms) = postSolution
		{756725C3-B32A-4403-841F-AE450181F9DF}.Debug|Any CPU.ActiveCfg = Debug|Any CPU
		{756725C3-B32A-4403-841F-AE450181F9DF}.Debug|Any CPU.Build.0 = Debug|Any CPU
		{756725C3-B32A-4403-841F-AE450181F9DF}.Release|Any CPU.ActiveCfg = Release|Any CPU
		{756725C3-B32A-4403-841F-AE450181F9DF}.Release|Any CPU.Build.0 = Release|Any CPU
		{06AF2DA4-358A-4D1C-AC25-3CEF55F72CE3}.Debug|Any CPU.ActiveCfg = Debug|Any CPU
		{06AF2DA4-358A-4D1C-AC25-3CEF55F72CE3}.Debug|Any CPU.Build.0 = Debug|Any CPU
		{06AF2DA4-358A-4D1C-AC25-3CEF55F72CE3}.Release|Any CPU.ActiveCfg = Release|Any CPU
		{06AF2DA4-358A-4D1C-AC25-3CEF55F72CE3}.Release|Any CPU.Build.0 = Release|Any CPU
	EndGlobalSection
	GlobalSection(SolutionProperties) = preSolution
		HideSolutionNode = FALSE
	EndGlobalSection
	GlobalSection(ExtensibilityGlobals) = postSolution
		SolutionGuid = {1C9758D5-F362-4FF2-8CAA-BA76095CE31B}
	EndGlobalSection
EndGlobal
